// !$*UTF8*$!
{
	archiveVersion = 1;
	classes = {
	};
	objectVersion = 56;
	objects = {

/* Begin PBXBuildFile section */
		7904BD042CA8DE0A0098F9CE /* SplashScreenView.swift in Sources */ = {isa = PBXBuildFile; fileRef = 7904BD032CA8DE0A0098F9CE /* SplashScreenView.swift */; };
		7904BD062CA8DE3D0098F9CE /* LoginView.swift in Sources */ = {isa = PBXBuildFile; fileRef = 7904BD052CA8DE3D0098F9CE /* LoginView.swift */; };
		7904BD082CA8DE4F0098F9CE /* SignupView.swift in Sources */ = {isa = PBXBuildFile; fileRef = 7904BD072CA8DE4F0098F9CE /* SignupView.swift */; };
		79B8A8E42CB5B7CF0096A824 /* FirebaseAnalytics in Frameworks */ = {isa = PBXBuildFile; productRef = 79B8A8E32CB5B7CF0096A824 /* FirebaseAnalytics */; };
		79B8A8E62CB5B7CF0096A824 /* FirebaseAnalyticsOnDeviceConversion in Frameworks */ = {isa = PBXBuildFile; productRef = 79B8A8E52CB5B7CF0096A824 /* FirebaseAnalyticsOnDeviceConversion */; };
		79B8A8E82CB5B7CF0096A824 /* FirebaseAnalyticsWithoutAdIdSupport in Frameworks */ = {isa = PBXBuildFile; productRef = 79B8A8E72CB5B7CF0096A824 /* FirebaseAnalyticsWithoutAdIdSupport */; };
		79B8A8EA2CB5B7CF0096A824 /* FirebaseAppCheck in Frameworks */ = {isa = PBXBuildFile; productRef = 79B8A8E92CB5B7CF0096A824 /* FirebaseAppCheck */; };
		79B8A8EC2CB5B7CF0096A824 /* FirebaseAppDistribution-Beta in Frameworks */ = {isa = PBXBuildFile; productRef = 79B8A8EB2CB5B7CF0096A824 /* FirebaseAppDistribution-Beta */; };
		79B8A8EE2CB5B7CF0096A824 /* FirebaseAuth in Frameworks */ = {isa = PBXBuildFile; productRef = 79B8A8ED2CB5B7CF0096A824 /* FirebaseAuth */; };
		79B8A8F02CB5B7CF0096A824 /* FirebaseAuthCombine-Community in Frameworks */ = {isa = PBXBuildFile; productRef = 79B8A8EF2CB5B7CF0096A824 /* FirebaseAuthCombine-Community */; };
		79B8A8F22CB5B7CF0096A824 /* FirebaseCore in Frameworks */ = {isa = PBXBuildFile; productRef = 79B8A8F12CB5B7CF0096A824 /* FirebaseCore */; };
		79B8A8F42CB5B7CF0096A824 /* FirebaseCrashlytics in Frameworks */ = {isa = PBXBuildFile; productRef = 79B8A8F32CB5B7CF0096A824 /* FirebaseCrashlytics */; };
		79B8A8F62CB5B7CF0096A824 /* FirebaseDatabase in Frameworks */ = {isa = PBXBuildFile; productRef = 79B8A8F52CB5B7CF0096A824 /* FirebaseDatabase */; };
		79B8A8F82CB5B7CF0096A824 /* FirebaseDynamicLinks in Frameworks */ = {isa = PBXBuildFile; productRef = 79B8A8F72CB5B7CF0096A824 /* FirebaseDynamicLinks */; };
		79B8A8FA2CB5B7CF0096A824 /* FirebaseFirestore in Frameworks */ = {isa = PBXBuildFile; productRef = 79B8A8F92CB5B7CF0096A824 /* FirebaseFirestore */; };
		79B8A8FC2CB5B7CF0096A824 /* FirebaseFirestoreCombine-Community in Frameworks */ = {isa = PBXBuildFile; productRef = 79B8A8FB2CB5B7CF0096A824 /* FirebaseFirestoreCombine-Community */; };
		79B8A8FE2CB5B7CF0096A824 /* FirebaseFunctions in Frameworks */ = {isa = PBXBuildFile; productRef = 79B8A8FD2CB5B7CF0096A824 /* FirebaseFunctions */; };
		79B8A9002CB5B7CF0096A824 /* FirebaseFunctionsCombine-Community in Frameworks */ = {isa = PBXBuildFile; productRef = 79B8A8FF2CB5B7CF0096A824 /* FirebaseFunctionsCombine-Community */; };
		79B8A9022CB5B7CF0096A824 /* FirebaseInAppMessaging-Beta in Frameworks */ = {isa = PBXBuildFile; productRef = 79B8A9012CB5B7CF0096A824 /* FirebaseInAppMessaging-Beta */; };
		79B8A9042CB5B7CF0096A824 /* FirebaseInstallations in Frameworks */ = {isa = PBXBuildFile; productRef = 79B8A9032CB5B7CF0096A824 /* FirebaseInstallations */; };
		79B8A9062CB5B7CF0096A824 /* FirebaseMLModelDownloader in Frameworks */ = {isa = PBXBuildFile; productRef = 79B8A9052CB5B7CF0096A824 /* FirebaseMLModelDownloader */; };
		79B8A9082CB5B7CF0096A824 /* FirebaseMessaging in Frameworks */ = {isa = PBXBuildFile; productRef = 79B8A9072CB5B7CF0096A824 /* FirebaseMessaging */; };
		79B8A90A2CB5B7CF0096A824 /* FirebasePerformance in Frameworks */ = {isa = PBXBuildFile; productRef = 79B8A9092CB5B7CF0096A824 /* FirebasePerformance */; };
		79B8A90C2CB5B7CF0096A824 /* FirebaseRemoteConfig in Frameworks */ = {isa = PBXBuildFile; productRef = 79B8A90B2CB5B7CF0096A824 /* FirebaseRemoteConfig */; };
		79B8A90E2CB5B7CF0096A824 /* FirebaseStorage in Frameworks */ = {isa = PBXBuildFile; productRef = 79B8A90D2CB5B7CF0096A824 /* FirebaseStorage */; };
		79B8A9102CB5B7CF0096A824 /* FirebaseStorageCombine-Community in Frameworks */ = {isa = PBXBuildFile; productRef = 79B8A90F2CB5B7CF0096A824 /* FirebaseStorageCombine-Community */; };
		79B8A9122CB5B7CF0096A824 /* FirebaseVertexAI-Preview in Frameworks */ = {isa = PBXBuildFile; productRef = 79B8A9112CB5B7CF0096A824 /* FirebaseVertexAI-Preview */; };
		79B8A9732CB638170096A824 /* AuthView.swift in Sources */ = {isa = PBXBuildFile; fileRef = 79B8A9722CB638170096A824 /* AuthView.swift */; };
		833C90292C7E559F00A24C0A /* Tentzo_AppApp.swift in Sources */ = {isa = PBXBuildFile; fileRef = 833C90282C7E559F00A24C0A /* Tentzo_AppApp.swift */; };
		833C902B2C7E559F00A24C0A /* ContentView.swift in Sources */ = {isa = PBXBuildFile; fileRef = 833C902A2C7E559F00A24C0A /* ContentView.swift */; };
		833C902D2C7E55A100A24C0A /* Assets.xcassets in Resources */ = {isa = PBXBuildFile; fileRef = 833C902C2C7E55A100A24C0A /* Assets.xcassets */; };
		833C90302C7E55A100A24C0A /* Preview Assets.xcassets in Resources */ = {isa = PBXBuildFile; fileRef = 833C902F2C7E55A100A24C0A /* Preview Assets.xcassets */; };
		833C90422C7E57DE00A24C0A /* MenuView.swift in Sources */ = {isa = PBXBuildFile; fileRef = 833C90412C7E57DE00A24C0A /* MenuView.swift */; };
		834EB9F82CA47C5A00B204AC /* EventsDetails.swift in Sources */ = {isa = PBXBuildFile; fileRef = 834EB9F72CA47C5A00B204AC /* EventsDetails.swift */; };
		8353A3F42CA47A9100C3844F /* RouteDetails.swift in Sources */ = {isa = PBXBuildFile; fileRef = 8353A3F32CA47A9100C3844F /* RouteDetails.swift */; };
		835EAC5C2CC02FF500D562FB /* GoogleService-Info.plist in Resources */ = {isa = PBXBuildFile; fileRef = 835EAC5B2CC02FF500D562FB /* GoogleService-Info.plist */; };
		837C33A22C877CE80091AF7D /* EmergencyButton.swift in Sources */ = {isa = PBXBuildFile; fileRef = 837C33A12C877CE80091AF7D /* EmergencyButton.swift */; };
		837C33A82C8786C40091AF7D /* LibraryView.swift in Sources */ = {isa = PBXBuildFile; fileRef = 837C33A72C8786C40091AF7D /* LibraryView.swift */; };
		837C33AA2C8786CF0091AF7D /* CameraView.swift in Sources */ = {isa = PBXBuildFile; fileRef = 837C33A92C8786CF0091AF7D /* CameraView.swift */; };
		837C33AE2C8786E40091AF7D /* InfoView.swift in Sources */ = {isa = PBXBuildFile; fileRef = 837C33AD2C8786E40091AF7D /* InfoView.swift */; };
		837C33B02C878DFB0091AF7D /* SearchBar.swift in Sources */ = {isa = PBXBuildFile; fileRef = 837C33AF2C878DFB0091AF7D /* SearchBar.swift */; };
		83890D5B2C8B7554002535F1 /* PlantInfo.swift in Sources */ = {isa = PBXBuildFile; fileRef = 83890D5A2C8B7554002535F1 /* PlantInfo.swift */; };
		83A2DC162C823B18001588C0 /* Profile.swift in Sources */ = {isa = PBXBuildFile; fileRef = 83A2DC152C823B18001588C0 /* Profile.swift */; };
		83A2DC1C2C82462B001588C0 /* Badges.swift in Sources */ = {isa = PBXBuildFile; fileRef = 83A2DC1B2C82462B001588C0 /* Badges.swift */; };
		83A2DC1E2C824663001588C0 /* Services.swift in Sources */ = {isa = PBXBuildFile; fileRef = 83A2DC1D2C824663001588C0 /* Services.swift */; };
		83B6A1B72C922DDB001489F7 /* RoutePreview.swift in Sources */ = {isa = PBXBuildFile; fileRef = 83B6A1B62C922DDB001489F7 /* RoutePreview.swift */; };
		83BAFBF42C934ACD0010D0E4 /* MapView.swift in Sources */ = {isa = PBXBuildFile; fileRef = 83BAFBF32C934ACD0010D0E4 /* MapView.swift */; };
		83BAFBF62C937B100010D0E4 /* PlantDetails.swift in Sources */ = {isa = PBXBuildFile; fileRef = 83BAFBF52C937B100010D0E4 /* PlantDetails.swift */; };
		83FD71DF2CD2B5A300AE3059 /* ActivityView.swift in Sources */ = {isa = PBXBuildFile; fileRef = 83FD71DE2CD2B5A300AE3059 /* ActivityView.swift */; };
/* End PBXBuildFile section */

/* Begin PBXFileReference section */
		7904BD032CA8DE0A0098F9CE /* SplashScreenView.swift */ = {isa = PBXFileReference; lastKnownFileType = sourcecode.swift; path = SplashScreenView.swift; sourceTree = "<group>"; };
		7904BD052CA8DE3D0098F9CE /* LoginView.swift */ = {isa = PBXFileReference; lastKnownFileType = sourcecode.swift; path = LoginView.swift; sourceTree = "<group>"; };
		7904BD072CA8DE4F0098F9CE /* SignupView.swift */ = {isa = PBXFileReference; lastKnownFileType = sourcecode.swift; path = SignupView.swift; sourceTree = "<group>"; };
		79B8A9722CB638170096A824 /* AuthView.swift */ = {isa = PBXFileReference; lastKnownFileType = sourcecode.swift; path = AuthView.swift; sourceTree = "<group>"; };
		833C90252C7E559F00A24C0A /* Tentzo-App.app */ = {isa = PBXFileReference; explicitFileType = wrapper.application; includeInIndex = 0; path = "Tentzo-App.app"; sourceTree = BUILT_PRODUCTS_DIR; };
		833C90282C7E559F00A24C0A /* Tentzo_AppApp.swift */ = {isa = PBXFileReference; lastKnownFileType = sourcecode.swift; path = Tentzo_AppApp.swift; sourceTree = "<group>"; };
		833C902A2C7E559F00A24C0A /* ContentView.swift */ = {isa = PBXFileReference; lastKnownFileType = sourcecode.swift; path = ContentView.swift; sourceTree = "<group>"; };
		833C902C2C7E55A100A24C0A /* Assets.xcassets */ = {isa = PBXFileReference; lastKnownFileType = folder.assetcatalog; path = Assets.xcassets; sourceTree = "<group>"; };
		833C902F2C7E55A100A24C0A /* Preview Assets.xcassets */ = {isa = PBXFileReference; lastKnownFileType = folder.assetcatalog; path = "Preview Assets.xcassets"; sourceTree = "<group>"; };
		833C90412C7E57DE00A24C0A /* MenuView.swift */ = {isa = PBXFileReference; lastKnownFileType = sourcecode.swift; path = MenuView.swift; sourceTree = "<group>"; };
		834EB9F72CA47C5A00B204AC /* EventsDetails.swift */ = {isa = PBXFileReference; lastKnownFileType = sourcecode.swift; path = EventsDetails.swift; sourceTree = "<group>"; };
		834EB9F92CA48F8A00B204AC /* Info.plist */ = {isa = PBXFileReference; lastKnownFileType = text.plist; path = Info.plist; sourceTree = "<group>"; };
		8353A3F32CA47A9100C3844F /* RouteDetails.swift */ = {isa = PBXFileReference; lastKnownFileType = sourcecode.swift; path = RouteDetails.swift; sourceTree = "<group>"; };
		835EAC5B2CC02FF500D562FB /* GoogleService-Info.plist */ = {isa = PBXFileReference; lastKnownFileType = text.plist.xml; path = "GoogleService-Info.plist"; sourceTree = "<group>"; };
		837C33A12C877CE80091AF7D /* EmergencyButton.swift */ = {isa = PBXFileReference; lastKnownFileType = sourcecode.swift; path = EmergencyButton.swift; sourceTree = "<group>"; };
		837C33A72C8786C40091AF7D /* LibraryView.swift */ = {isa = PBXFileReference; lastKnownFileType = sourcecode.swift; path = LibraryView.swift; sourceTree = "<group>"; };
		837C33A92C8786CF0091AF7D /* CameraView.swift */ = {isa = PBXFileReference; lastKnownFileType = sourcecode.swift; path = CameraView.swift; sourceTree = "<group>"; };
		837C33AD2C8786E40091AF7D /* InfoView.swift */ = {isa = PBXFileReference; lastKnownFileType = sourcecode.swift; path = InfoView.swift; sourceTree = "<group>"; };
		837C33AF2C878DFB0091AF7D /* SearchBar.swift */ = {isa = PBXFileReference; lastKnownFileType = sourcecode.swift; path = SearchBar.swift; sourceTree = "<group>"; };
		83890D5A2C8B7554002535F1 /* PlantInfo.swift */ = {isa = PBXFileReference; lastKnownFileType = sourcecode.swift; path = PlantInfo.swift; sourceTree = "<group>"; };
		83A2DC152C823B18001588C0 /* Profile.swift */ = {isa = PBXFileReference; lastKnownFileType = sourcecode.swift; path = Profile.swift; sourceTree = "<group>"; };
		83A2DC1B2C82462B001588C0 /* Badges.swift */ = {isa = PBXFileReference; lastKnownFileType = sourcecode.swift; path = Badges.swift; sourceTree = "<group>"; };
		83A2DC1D2C824663001588C0 /* Services.swift */ = {isa = PBXFileReference; lastKnownFileType = sourcecode.swift; path = Services.swift; sourceTree = "<group>"; };
		83B6A1B62C922DDB001489F7 /* RoutePreview.swift */ = {isa = PBXFileReference; lastKnownFileType = sourcecode.swift; path = RoutePreview.swift; sourceTree = "<group>"; };
		83BAFBF32C934ACD0010D0E4 /* MapView.swift */ = {isa = PBXFileReference; lastKnownFileType = sourcecode.swift; path = MapView.swift; sourceTree = "<group>"; };
		83BAFBF52C937B100010D0E4 /* PlantDetails.swift */ = {isa = PBXFileReference; lastKnownFileType = sourcecode.swift; path = PlantDetails.swift; sourceTree = "<group>"; };
		83FD71DE2CD2B5A300AE3059 /* ActivityView.swift */ = {isa = PBXFileReference; lastKnownFileType = sourcecode.swift; path = ActivityView.swift; sourceTree = "<group>"; };
/* End PBXFileReference section */

/* Begin PBXFrameworksBuildPhase section */
		833C90222C7E559F00A24C0A /* Frameworks */ = {
			isa = PBXFrameworksBuildPhase;
			buildActionMask = 2147483647;
			files = (
				79B8A9122CB5B7CF0096A824 /* FirebaseVertexAI-Preview in Frameworks */,
				79B8A8FC2CB5B7CF0096A824 /* FirebaseFirestoreCombine-Community in Frameworks */,
				79B8A8FE2CB5B7CF0096A824 /* FirebaseFunctions in Frameworks */,
				79B8A90A2CB5B7CF0096A824 /* FirebasePerformance in Frameworks */,
				79B8A9102CB5B7CF0096A824 /* FirebaseStorageCombine-Community in Frameworks */,
				79B8A90C2CB5B7CF0096A824 /* FirebaseRemoteConfig in Frameworks */,
				79B8A8F62CB5B7CF0096A824 /* FirebaseDatabase in Frameworks */,
				79B8A8F82CB5B7CF0096A824 /* FirebaseDynamicLinks in Frameworks */,
				79B8A8EA2CB5B7CF0096A824 /* FirebaseAppCheck in Frameworks */,
				79B8A8EE2CB5B7CF0096A824 /* FirebaseAuth in Frameworks */,
				79B8A8E42CB5B7CF0096A824 /* FirebaseAnalytics in Frameworks */,
				79B8A8FA2CB5B7CF0096A824 /* FirebaseFirestore in Frameworks */,
				79B8A9082CB5B7CF0096A824 /* FirebaseMessaging in Frameworks */,
				79B8A9042CB5B7CF0096A824 /* FirebaseInstallations in Frameworks */,
				79B8A9002CB5B7CF0096A824 /* FirebaseFunctionsCombine-Community in Frameworks */,
				79B8A8EC2CB5B7CF0096A824 /* FirebaseAppDistribution-Beta in Frameworks */,
				79B8A8E82CB5B7CF0096A824 /* FirebaseAnalyticsWithoutAdIdSupport in Frameworks */,
				79B8A9022CB5B7CF0096A824 /* FirebaseInAppMessaging-Beta in Frameworks */,
				79B8A8F02CB5B7CF0096A824 /* FirebaseAuthCombine-Community in Frameworks */,
				79B8A8F42CB5B7CF0096A824 /* FirebaseCrashlytics in Frameworks */,
				79B8A9062CB5B7CF0096A824 /* FirebaseMLModelDownloader in Frameworks */,
				79B8A90E2CB5B7CF0096A824 /* FirebaseStorage in Frameworks */,
				79B8A8F22CB5B7CF0096A824 /* FirebaseCore in Frameworks */,
				79B8A8E62CB5B7CF0096A824 /* FirebaseAnalyticsOnDeviceConversion in Frameworks */,
			);
			runOnlyForDeploymentPostprocessing = 0;
		};
/* End PBXFrameworksBuildPhase section */

/* Begin PBXGroup section */
		833C901C2C7E559F00A24C0A = {
			isa = PBXGroup;
			children = (
				833C90272C7E559F00A24C0A /* Tentzo-App */,
				833C90262C7E559F00A24C0A /* Products */,
			);
			sourceTree = "<group>";
		};
		833C90262C7E559F00A24C0A /* Products */ = {
			isa = PBXGroup;
			children = (
				833C90252C7E559F00A24C0A /* Tentzo-App.app */,
			);
			name = Products;
			sourceTree = "<group>";
		};
		833C90272C7E559F00A24C0A /* Tentzo-App */ = {
			isa = PBXGroup;
			children = (
				834EB9F92CA48F8A00B204AC /* Info.plist */,
				833C903A2C7E55E200A24C0A /* App */,
				833C90392C7E55DC00A24C0A /* Core */,
				833C90382C7E55D700A24C0A /* Extensions */,
				833C90372C7E55CD00A24C0A /* Models */,
				833C90362C7E55B100A24C0A /* Utils */,
				833C902A2C7E559F00A24C0A /* ContentView.swift */,
				79B8A9722CB638170096A824 /* AuthView.swift */,
				833C902C2C7E55A100A24C0A /* Assets.xcassets */,
				835EAC5B2CC02FF500D562FB /* GoogleService-Info.plist */,
				833C902E2C7E55A100A24C0A /* Preview Content */,
			);
			path = "Tentzo-App";
			sourceTree = "<group>";
		};
		833C902E2C7E55A100A24C0A /* Preview Content */ = {
			isa = PBXGroup;
			children = (
				833C902F2C7E55A100A24C0A /* Preview Assets.xcassets */,
			);
			path = "Preview Content";
			sourceTree = "<group>";
		};
		833C90362C7E55B100A24C0A /* Utils */ = {
			isa = PBXGroup;
			children = (
			);
			path = Utils;
			sourceTree = "<group>";
		};
		833C90372C7E55CD00A24C0A /* Models */ = {
			isa = PBXGroup;
			children = (
			);
			path = Models;
			sourceTree = "<group>";
		};
		833C90382C7E55D700A24C0A /* Extensions */ = {
			isa = PBXGroup;
			children = (
			);
			path = Extensions;
			sourceTree = "<group>";
		};
		833C90392C7E55DC00A24C0A /* Core */ = {
			isa = PBXGroup;
			children = (
				833C90402C7E560900A24C0A /* Menu */,
				833C903F2C7E560200A24C0A /* Library */,
				833C903E2C7E55FC00A24C0A /* Camera */,
				833C903C2C7E55EE00A24C0A /* Map */,
				833C903B2C7E55EA00A24C0A /* Info */,
				7904BD032CA8DE0A0098F9CE /* SplashScreenView.swift */,
				7904BD072CA8DE4F0098F9CE /* SignupView.swift */,
				7904BD052CA8DE3D0098F9CE /* LoginView.swift */,
			);
			path = Core;
			sourceTree = "<group>";
		};
		833C903A2C7E55E200A24C0A /* App */ = {
			isa = PBXGroup;
			children = (
				833C90282C7E559F00A24C0A /* Tentzo_AppApp.swift */,
			);
			path = App;
			sourceTree = "<group>";
		};
		833C903B2C7E55EA00A24C0A /* Info */ = {
			isa = PBXGroup;
			children = (
				837C33AD2C8786E40091AF7D /* InfoView.swift */,
				834EB9F72CA47C5A00B204AC /* EventsDetails.swift */,
				83FD71DE2CD2B5A300AE3059 /* ActivityView.swift */,
			);
			path = Info;
			sourceTree = "<group>";
		};
		833C903C2C7E55EE00A24C0A /* Map */ = {
			isa = PBXGroup;
			children = (
				83B6A1B62C922DDB001489F7 /* RoutePreview.swift */,
				83BAFBF32C934ACD0010D0E4 /* MapView.swift */,
				8353A3F32CA47A9100C3844F /* RouteDetails.swift */,
			);
			path = Map;
			sourceTree = "<group>";
		};
		833C903E2C7E55FC00A24C0A /* Camera */ = {
			isa = PBXGroup;
			children = (
				837C33A92C8786CF0091AF7D /* CameraView.swift */,
			);
			path = Camera;
			sourceTree = "<group>";
		};
		833C903F2C7E560200A24C0A /* Library */ = {
			isa = PBXGroup;
			children = (
				837C33A72C8786C40091AF7D /* LibraryView.swift */,
				837C33AF2C878DFB0091AF7D /* SearchBar.swift */,
				83890D5A2C8B7554002535F1 /* PlantInfo.swift */,
				83BAFBF52C937B100010D0E4 /* PlantDetails.swift */,
			);
			path = Library;
			sourceTree = "<group>";
		};
		833C90402C7E560900A24C0A /* Menu */ = {
			isa = PBXGroup;
			children = (
				833C90412C7E57DE00A24C0A /* MenuView.swift */,
				83A2DC152C823B18001588C0 /* Profile.swift */,
				83A2DC1B2C82462B001588C0 /* Badges.swift */,
				83A2DC1D2C824663001588C0 /* Services.swift */,
				837C33A12C877CE80091AF7D /* EmergencyButton.swift */,
			);
			path = Menu;
			sourceTree = "<group>";
		};
/* End PBXGroup section */

/* Begin PBXNativeTarget section */
		833C90242C7E559F00A24C0A /* Tentzo-App */ = {
			isa = PBXNativeTarget;
			buildConfigurationList = 833C90332C7E55A100A24C0A /* Build configuration list for PBXNativeTarget "Tentzo-App" */;
			buildPhases = (
				833C90212C7E559F00A24C0A /* Sources */,
				833C90222C7E559F00A24C0A /* Frameworks */,
				833C90232C7E559F00A24C0A /* Resources */,
			);
			buildRules = (
			);
			dependencies = (
			);
			name = "Tentzo-App";
			packageProductDependencies = (
				79B8A8E32CB5B7CF0096A824 /* FirebaseAnalytics */,
				79B8A8E52CB5B7CF0096A824 /* FirebaseAnalyticsOnDeviceConversion */,
				79B8A8E72CB5B7CF0096A824 /* FirebaseAnalyticsWithoutAdIdSupport */,
				79B8A8E92CB5B7CF0096A824 /* FirebaseAppCheck */,
				79B8A8EB2CB5B7CF0096A824 /* FirebaseAppDistribution-Beta */,
				79B8A8ED2CB5B7CF0096A824 /* FirebaseAuth */,
				79B8A8EF2CB5B7CF0096A824 /* FirebaseAuthCombine-Community */,
				79B8A8F12CB5B7CF0096A824 /* FirebaseCore */,
				79B8A8F32CB5B7CF0096A824 /* FirebaseCrashlytics */,
				79B8A8F52CB5B7CF0096A824 /* FirebaseDatabase */,
				79B8A8F72CB5B7CF0096A824 /* FirebaseDynamicLinks */,
				79B8A8F92CB5B7CF0096A824 /* FirebaseFirestore */,
				79B8A8FB2CB5B7CF0096A824 /* FirebaseFirestoreCombine-Community */,
				79B8A8FD2CB5B7CF0096A824 /* FirebaseFunctions */,
				79B8A8FF2CB5B7CF0096A824 /* FirebaseFunctionsCombine-Community */,
				79B8A9012CB5B7CF0096A824 /* FirebaseInAppMessaging-Beta */,
				79B8A9032CB5B7CF0096A824 /* FirebaseInstallations */,
				79B8A9052CB5B7CF0096A824 /* FirebaseMLModelDownloader */,
				79B8A9072CB5B7CF0096A824 /* FirebaseMessaging */,
				79B8A9092CB5B7CF0096A824 /* FirebasePerformance */,
				79B8A90B2CB5B7CF0096A824 /* FirebaseRemoteConfig */,
				79B8A90D2CB5B7CF0096A824 /* FirebaseStorage */,
				79B8A90F2CB5B7CF0096A824 /* FirebaseStorageCombine-Community */,
				79B8A9112CB5B7CF0096A824 /* FirebaseVertexAI-Preview */,
			);
			productName = "Tentzo-App";
			productReference = 833C90252C7E559F00A24C0A /* Tentzo-App.app */;
			productType = "com.apple.product-type.application";
		};
/* End PBXNativeTarget section */

/* Begin PBXProject section */
		833C901D2C7E559F00A24C0A /* Project object */ = {
			isa = PBXProject;
			attributes = {
				BuildIndependentTargetsInParallel = 1;
				LastSwiftUpdateCheck = 1540;
				LastUpgradeCheck = 1540;
				TargetAttributes = {
					833C90242C7E559F00A24C0A = {
						CreatedOnToolsVersion = 15.4;
					};
				};
			};
			buildConfigurationList = 833C90202C7E559F00A24C0A /* Build configuration list for PBXProject "Tentzo-App" */;
			compatibilityVersion = "Xcode 14.0";
			developmentRegion = en;
			hasScannedForEncodings = 0;
			knownRegions = (
				en,
				Base,
			);
			mainGroup = 833C901C2C7E559F00A24C0A;
			packageReferences = (
				79B8A8E22CB5B7CF0096A824 /* XCRemoteSwiftPackageReference "firebase-ios-sdk" */,
			);
			productRefGroup = 833C90262C7E559F00A24C0A /* Products */;
			projectDirPath = "";
			projectRoot = "";
			targets = (
				833C90242C7E559F00A24C0A /* Tentzo-App */,
			);
		};
/* End PBXProject section */

/* Begin PBXResourcesBuildPhase section */
		833C90232C7E559F00A24C0A /* Resources */ = {
			isa = PBXResourcesBuildPhase;
			buildActionMask = 2147483647;
			files = (
				833C90302C7E55A100A24C0A /* Preview Assets.xcassets in Resources */,
				833C902D2C7E55A100A24C0A /* Assets.xcassets in Resources */,
				835EAC5C2CC02FF500D562FB /* GoogleService-Info.plist in Resources */,
			);
			runOnlyForDeploymentPostprocessing = 0;
		};
/* End PBXResourcesBuildPhase section */

/* Begin PBXSourcesBuildPhase section */
		833C90212C7E559F00A24C0A /* Sources */ = {
			isa = PBXSourcesBuildPhase;
			buildActionMask = 2147483647;
			files = (
				837C33B02C878DFB0091AF7D /* SearchBar.swift in Sources */,
				83BAFBF42C934ACD0010D0E4 /* MapView.swift in Sources */,
				8353A3F42CA47A9100C3844F /* RouteDetails.swift in Sources */,
				83A2DC1C2C82462B001588C0 /* Badges.swift in Sources */,
				83A2DC1E2C824663001588C0 /* Services.swift in Sources */,
				833C902B2C7E559F00A24C0A /* ContentView.swift in Sources */,
				837C33AE2C8786E40091AF7D /* InfoView.swift in Sources */,
				837C33AA2C8786CF0091AF7D /* CameraView.swift in Sources */,
				83890D5B2C8B7554002535F1 /* PlantInfo.swift in Sources */,
				837C33A82C8786C40091AF7D /* LibraryView.swift in Sources */,
				7904BD062CA8DE3D0098F9CE /* LoginView.swift in Sources */,
				83FD71DF2CD2B5A300AE3059 /* ActivityView.swift in Sources */,
				83A2DC162C823B18001588C0 /* Profile.swift in Sources */,
				833C90422C7E57DE00A24C0A /* MenuView.swift in Sources */,
				83B6A1B72C922DDB001489F7 /* RoutePreview.swift in Sources */,
				79B8A9732CB638170096A824 /* AuthView.swift in Sources */,
				833C90292C7E559F00A24C0A /* Tentzo_AppApp.swift in Sources */,
				834EB9F82CA47C5A00B204AC /* EventsDetails.swift in Sources */,
				7904BD082CA8DE4F0098F9CE /* SignupView.swift in Sources */,
				837C33A22C877CE80091AF7D /* EmergencyButton.swift in Sources */,
				83BAFBF62C937B100010D0E4 /* PlantDetails.swift in Sources */,
				7904BD042CA8DE0A0098F9CE /* SplashScreenView.swift in Sources */,
			);
			runOnlyForDeploymentPostprocessing = 0;
		};
/* End PBXSourcesBuildPhase section */

/* Begin XCBuildConfiguration section */
		833C90312C7E55A100A24C0A /* Debug */ = {
			isa = XCBuildConfiguration;
			buildSettings = {
				ALWAYS_SEARCH_USER_PATHS = NO;
				ASSETCATALOG_COMPILER_GENERATE_SWIFT_ASSET_SYMBOL_EXTENSIONS = YES;
				CLANG_ANALYZER_NONNULL = YES;
				CLANG_ANALYZER_NUMBER_OBJECT_CONVERSION = YES_AGGRESSIVE;
				CLANG_CXX_LANGUAGE_STANDARD = "gnu++20";
				CLANG_ENABLE_MODULES = YES;
				CLANG_ENABLE_OBJC_ARC = YES;
				CLANG_ENABLE_OBJC_WEAK = YES;
				CLANG_WARN_BLOCK_CAPTURE_AUTORELEASING = YES;
				CLANG_WARN_BOOL_CONVERSION = YES;
				CLANG_WARN_COMMA = YES;
				CLANG_WARN_CONSTANT_CONVERSION = YES;
				CLANG_WARN_DEPRECATED_OBJC_IMPLEMENTATIONS = YES;
				CLANG_WARN_DIRECT_OBJC_ISA_USAGE = YES_ERROR;
				CLANG_WARN_DOCUMENTATION_COMMENTS = YES;
				CLANG_WARN_EMPTY_BODY = YES;
				CLANG_WARN_ENUM_CONVERSION = YES;
				CLANG_WARN_INFINITE_RECURSION = YES;
				CLANG_WARN_INT_CONVERSION = YES;
				CLANG_WARN_NON_LITERAL_NULL_CONVERSION = YES;
				CLANG_WARN_OBJC_IMPLICIT_RETAIN_SELF = YES;
				CLANG_WARN_OBJC_LITERAL_CONVERSION = YES;
				CLANG_WARN_OBJC_ROOT_CLASS = YES_ERROR;
				CLANG_WARN_QUOTED_INCLUDE_IN_FRAMEWORK_HEADER = YES;
				CLANG_WARN_RANGE_LOOP_ANALYSIS = YES;
				CLANG_WARN_STRICT_PROTOTYPES = YES;
				CLANG_WARN_SUSPICIOUS_MOVE = YES;
				CLANG_WARN_UNGUARDED_AVAILABILITY = YES_AGGRESSIVE;
				CLANG_WARN_UNREACHABLE_CODE = YES;
				CLANG_WARN__DUPLICATE_METHOD_MATCH = YES;
				COPY_PHASE_STRIP = NO;
				DEBUG_INFORMATION_FORMAT = dwarf;
				ENABLE_STRICT_OBJC_MSGSEND = YES;
				ENABLE_TESTABILITY = YES;
				ENABLE_USER_SCRIPT_SANDBOXING = YES;
				GCC_C_LANGUAGE_STANDARD = gnu17;
				GCC_DYNAMIC_NO_PIC = NO;
				GCC_NO_COMMON_BLOCKS = YES;
				GCC_OPTIMIZATION_LEVEL = 0;
				GCC_PREPROCESSOR_DEFINITIONS = (
					"DEBUG=1",
					"$(inherited)",
				);
				GCC_WARN_64_TO_32_BIT_CONVERSION = YES;
				GCC_WARN_ABOUT_RETURN_TYPE = YES_ERROR;
				GCC_WARN_UNDECLARED_SELECTOR = YES;
				GCC_WARN_UNINITIALIZED_AUTOS = YES_AGGRESSIVE;
				GCC_WARN_UNUSED_FUNCTION = YES;
				GCC_WARN_UNUSED_VARIABLE = YES;
				IPHONEOS_DEPLOYMENT_TARGET = 17.5;
				LOCALIZATION_PREFERS_STRING_CATALOGS = YES;
				MTL_ENABLE_DEBUG_INFO = INCLUDE_SOURCE;
				MTL_FAST_MATH = YES;
				ONLY_ACTIVE_ARCH = YES;
				SDKROOT = iphoneos;
				SWIFT_ACTIVE_COMPILATION_CONDITIONS = "DEBUG $(inherited)";
				SWIFT_OPTIMIZATION_LEVEL = "-Onone";
			};
			name = Debug;
		};
		833C90322C7E55A100A24C0A /* Release */ = {
			isa = XCBuildConfiguration;
			buildSettings = {
				ALWAYS_SEARCH_USER_PATHS = NO;
				ASSETCATALOG_COMPILER_GENERATE_SWIFT_ASSET_SYMBOL_EXTENSIONS = YES;
				CLANG_ANALYZER_NONNULL = YES;
				CLANG_ANALYZER_NUMBER_OBJECT_CONVERSION = YES_AGGRESSIVE;
				CLANG_CXX_LANGUAGE_STANDARD = "gnu++20";
				CLANG_ENABLE_MODULES = YES;
				CLANG_ENABLE_OBJC_ARC = YES;
				CLANG_ENABLE_OBJC_WEAK = YES;
				CLANG_WARN_BLOCK_CAPTURE_AUTORELEASING = YES;
				CLANG_WARN_BOOL_CONVERSION = YES;
				CLANG_WARN_COMMA = YES;
				CLANG_WARN_CONSTANT_CONVERSION = YES;
				CLANG_WARN_DEPRECATED_OBJC_IMPLEMENTATIONS = YES;
				CLANG_WARN_DIRECT_OBJC_ISA_USAGE = YES_ERROR;
				CLANG_WARN_DOCUMENTATION_COMMENTS = YES;
				CLANG_WARN_EMPTY_BODY = YES;
				CLANG_WARN_ENUM_CONVERSION = YES;
				CLANG_WARN_INFINITE_RECURSION = YES;
				CLANG_WARN_INT_CONVERSION = YES;
				CLANG_WARN_NON_LITERAL_NULL_CONVERSION = YES;
				CLANG_WARN_OBJC_IMPLICIT_RETAIN_SELF = YES;
				CLANG_WARN_OBJC_LITERAL_CONVERSION = YES;
				CLANG_WARN_OBJC_ROOT_CLASS = YES_ERROR;
				CLANG_WARN_QUOTED_INCLUDE_IN_FRAMEWORK_HEADER = YES;
				CLANG_WARN_RANGE_LOOP_ANALYSIS = YES;
				CLANG_WARN_STRICT_PROTOTYPES = YES;
				CLANG_WARN_SUSPICIOUS_MOVE = YES;
				CLANG_WARN_UNGUARDED_AVAILABILITY = YES_AGGRESSIVE;
				CLANG_WARN_UNREACHABLE_CODE = YES;
				CLANG_WARN__DUPLICATE_METHOD_MATCH = YES;
				COPY_PHASE_STRIP = NO;
				DEBUG_INFORMATION_FORMAT = "dwarf-with-dsym";
				ENABLE_NS_ASSERTIONS = NO;
				ENABLE_STRICT_OBJC_MSGSEND = YES;
				ENABLE_USER_SCRIPT_SANDBOXING = YES;
				GCC_C_LANGUAGE_STANDARD = gnu17;
				GCC_NO_COMMON_BLOCKS = YES;
				GCC_WARN_64_TO_32_BIT_CONVERSION = YES;
				GCC_WARN_ABOUT_RETURN_TYPE = YES_ERROR;
				GCC_WARN_UNDECLARED_SELECTOR = YES;
				GCC_WARN_UNINITIALIZED_AUTOS = YES_AGGRESSIVE;
				GCC_WARN_UNUSED_FUNCTION = YES;
				GCC_WARN_UNUSED_VARIABLE = YES;
				IPHONEOS_DEPLOYMENT_TARGET = 17.5;
				LOCALIZATION_PREFERS_STRING_CATALOGS = YES;
				MTL_ENABLE_DEBUG_INFO = NO;
				MTL_FAST_MATH = YES;
				SDKROOT = iphoneos;
				SWIFT_COMPILATION_MODE = wholemodule;
				VALIDATE_PRODUCT = YES;
			};
			name = Release;
		};
		833C90342C7E55A100A24C0A /* Debug */ = {
			isa = XCBuildConfiguration;
			buildSettings = {
				ASSETCATALOG_COMPILER_APPICON_NAME = AppIcon;
				ASSETCATALOG_COMPILER_GLOBAL_ACCENT_COLOR_NAME = AccentColor;
				CODE_SIGN_STYLE = Automatic;
				CURRENT_PROJECT_VERSION = 1;
				DEVELOPMENT_ASSET_PATHS = "\"Tentzo-App/Preview Content\"";
				DEVELOPMENT_TEAM = ZJSG9M224S;
				ENABLE_PREVIEWS = YES;
				GENERATE_INFOPLIST_FILE = YES;
				INFOPLIST_FILE = "Tentzo-App/Info.plist";
				INFOPLIST_KEY_NSCameraUsageDescription = "Tentzo-App camera use";
				INFOPLIST_KEY_UIApplicationSceneManifest_Generation = YES;
				INFOPLIST_KEY_UIApplicationSupportsIndirectInputEvents = YES;
				INFOPLIST_KEY_UILaunchScreen_Generation = YES;
				INFOPLIST_KEY_UIStatusBarStyle = "";
				INFOPLIST_KEY_UISupportedInterfaceOrientations_iPad = "UIInterfaceOrientationPortrait UIInterfaceOrientationPortraitUpsideDown UIInterfaceOrientationLandscapeLeft UIInterfaceOrientationLandscapeRight";
				INFOPLIST_KEY_UISupportedInterfaceOrientations_iPhone = "UIInterfaceOrientationPortrait UIInterfaceOrientationLandscapeLeft UIInterfaceOrientationLandscapeRight";
				IPHONEOS_DEPLOYMENT_TARGET = 17.2;
				LD_RUNPATH_SEARCH_PATHS = (
					"$(inherited)",
					"@executable_path/Frameworks",
				);
				MARKETING_VERSION = 1.0;
				PRODUCT_BUNDLE_IDENTIFIER = mx.tec.a01734271.Tentzo;
				PRODUCT_NAME = "$(TARGET_NAME)";
				SWIFT_EMIT_LOC_STRINGS = YES;
				SWIFT_VERSION = 5.0;
				TARGETED_DEVICE_FAMILY = "1,2";
			};
			name = Debug;
		};
		833C90352C7E55A100A24C0A /* Release */ = {
			isa = XCBuildConfiguration;
			buildSettings = {
				ASSETCATALOG_COMPILER_APPICON_NAME = AppIcon;
				ASSETCATALOG_COMPILER_GLOBAL_ACCENT_COLOR_NAME = AccentColor;
				CODE_SIGN_STYLE = Automatic;
				CURRENT_PROJECT_VERSION = 1;
				DEVELOPMENT_ASSET_PATHS = "\"Tentzo-App/Preview Content\"";
				DEVELOPMENT_TEAM = "";
				ENABLE_PREVIEWS = YES;
				GENERATE_INFOPLIST_FILE = YES;
				INFOPLIST_FILE = "Tentzo-App/Info.plist";
				INFOPLIST_KEY_NSCameraUsageDescription = "Tentzo-App camera use";
				INFOPLIST_KEY_UIApplicationSceneManifest_Generation = YES;
				INFOPLIST_KEY_UIApplicationSupportsIndirectInputEvents = YES;
				INFOPLIST_KEY_UILaunchScreen_Generation = YES;
				INFOPLIST_KEY_UIStatusBarStyle = "";
				INFOPLIST_KEY_UISupportedInterfaceOrientations_iPad = "UIInterfaceOrientationPortrait UIInterfaceOrientationPortraitUpsideDown UIInterfaceOrientationLandscapeLeft UIInterfaceOrientationLandscapeRight";
				INFOPLIST_KEY_UISupportedInterfaceOrientations_iPhone = "UIInterfaceOrientationPortrait UIInterfaceOrientationLandscapeLeft UIInterfaceOrientationLandscapeRight";
				IPHONEOS_DEPLOYMENT_TARGET = 17.2;
				LD_RUNPATH_SEARCH_PATHS = (
					"$(inherited)",
					"@executable_path/Frameworks",
				);
				MARKETING_VERSION = 1.0;
				PRODUCT_BUNDLE_IDENTIFIER = mx.tec.a01734271.Tentzo;
				PRODUCT_NAME = "$(TARGET_NAME)";
				SWIFT_EMIT_LOC_STRINGS = YES;
				SWIFT_VERSION = 5.0;
				TARGETED_DEVICE_FAMILY = "1,2";
			};
			name = Release;
		};
/* End XCBuildConfiguration section */

/* Begin XCConfigurationList section */
		833C90202C7E559F00A24C0A /* Build configuration list for PBXProject "Tentzo-App" */ = {
			isa = XCConfigurationList;
			buildConfigurations = (
				833C90312C7E55A100A24C0A /* Debug */,
				833C90322C7E55A100A24C0A /* Release */,
			);
			defaultConfigurationIsVisible = 0;
			defaultConfigurationName = Release;
		};
		833C90332C7E55A100A24C0A /* Build configuration list for PBXNativeTarget "Tentzo-App" */ = {
			isa = XCConfigurationList;
			buildConfigurations = (
				833C90342C7E55A100A24C0A /* Debug */,
				833C90352C7E55A100A24C0A /* Release */,
			);
			defaultConfigurationIsVisible = 0;
			defaultConfigurationName = Release;
		};
/* End XCConfigurationList section */

/* Begin XCRemoteSwiftPackageReference section */
		79B8A8E22CB5B7CF0096A824 /* XCRemoteSwiftPackageReference "firebase-ios-sdk" */ = {
			isa = XCRemoteSwiftPackageReference;
			repositoryURL = "https://github.com/firebase/firebase-ios-sdk";
			requirement = {
				kind = upToNextMajorVersion;
				minimumVersion = 11.3.0;
			};
		};
/* End XCRemoteSwiftPackageReference section */

/* Begin XCSwiftPackageProductDependency section */
		79B8A8E32CB5B7CF0096A824 /* FirebaseAnalytics */ = {
			isa = XCSwiftPackageProductDependency;
			package = 79B8A8E22CB5B7CF0096A824 /* XCRemoteSwiftPackageReference "firebase-ios-sdk" */;
			productName = FirebaseAnalytics;
		};
		79B8A8E52CB5B7CF0096A824 /* FirebaseAnalyticsOnDeviceConversion */ = {
			isa = XCSwiftPackageProductDependency;
			package = 79B8A8E22CB5B7CF0096A824 /* XCRemoteSwiftPackageReference "firebase-ios-sdk" */;
			productName = FirebaseAnalyticsOnDeviceConversion;
		};
		79B8A8E72CB5B7CF0096A824 /* FirebaseAnalyticsWithoutAdIdSupport */ = {
			isa = XCSwiftPackageProductDependency;
			package = 79B8A8E22CB5B7CF0096A824 /* XCRemoteSwiftPackageReference "firebase-ios-sdk" */;
			productName = FirebaseAnalyticsWithoutAdIdSupport;
		};
		79B8A8E92CB5B7CF0096A824 /* FirebaseAppCheck */ = {
			isa = XCSwiftPackageProductDependency;
			package = 79B8A8E22CB5B7CF0096A824 /* XCRemoteSwiftPackageReference "firebase-ios-sdk" */;
			productName = FirebaseAppCheck;
		};
		79B8A8EB2CB5B7CF0096A824 /* FirebaseAppDistribution-Beta */ = {
			isa = XCSwiftPackageProductDependency;
			package = 79B8A8E22CB5B7CF0096A824 /* XCRemoteSwiftPackageReference "firebase-ios-sdk" */;
			productName = "FirebaseAppDistribution-Beta";
		};
		79B8A8ED2CB5B7CF0096A824 /* FirebaseAuth */ = {
			isa = XCSwiftPackageProductDependency;
			package = 79B8A8E22CB5B7CF0096A824 /* XCRemoteSwiftPackageReference "firebase-ios-sdk" */;
			productName = FirebaseAuth;
		};
		79B8A8EF2CB5B7CF0096A824 /* FirebaseAuthCombine-Community */ = {
			isa = XCSwiftPackageProductDependency;
			package = 79B8A8E22CB5B7CF0096A824 /* XCRemoteSwiftPackageReference "firebase-ios-sdk" */;
			productName = "FirebaseAuthCombine-Community";
		};
		79B8A8F12CB5B7CF0096A824 /* FirebaseCore */ = {
			isa = XCSwiftPackageProductDependency;
			package = 79B8A8E22CB5B7CF0096A824 /* XCRemoteSwiftPackageReference "firebase-ios-sdk" */;
			productName = FirebaseCore;
		};
		79B8A8F32CB5B7CF0096A824 /* FirebaseCrashlytics */ = {
			isa = XCSwiftPackageProductDependency;
			package = 79B8A8E22CB5B7CF0096A824 /* XCRemoteSwiftPackageReference "firebase-ios-sdk" */;
			productName = FirebaseCrashlytics;
		};
		79B8A8F52CB5B7CF0096A824 /* FirebaseDatabase */ = {
			isa = XCSwiftPackageProductDependency;
			package = 79B8A8E22CB5B7CF0096A824 /* XCRemoteSwiftPackageReference "firebase-ios-sdk" */;
			productName = FirebaseDatabase;
		};
		79B8A8F72CB5B7CF0096A824 /* FirebaseDynamicLinks */ = {
			isa = XCSwiftPackageProductDependency;
			package = 79B8A8E22CB5B7CF0096A824 /* XCRemoteSwiftPackageReference "firebase-ios-sdk" */;
			productName = FirebaseDynamicLinks;
		};
		79B8A8F92CB5B7CF0096A824 /* FirebaseFirestore */ = {
			isa = XCSwiftPackageProductDependency;
			package = 79B8A8E22CB5B7CF0096A824 /* XCRemoteSwiftPackageReference "firebase-ios-sdk" */;
			productName = FirebaseFirestore;
		};
		79B8A8FB2CB5B7CF0096A824 /* FirebaseFirestoreCombine-Community */ = {
			isa = XCSwiftPackageProductDependency;
			package = 79B8A8E22CB5B7CF0096A824 /* XCRemoteSwiftPackageReference "firebase-ios-sdk" */;
			productName = "FirebaseFirestoreCombine-Community";
		};
		79B8A8FD2CB5B7CF0096A824 /* FirebaseFunctions */ = {
			isa = XCSwiftPackageProductDependency;
			package = 79B8A8E22CB5B7CF0096A824 /* XCRemoteSwiftPackageReference "firebase-ios-sdk" */;
			productName = FirebaseFunctions;
		};
		79B8A8FF2CB5B7CF0096A824 /* FirebaseFunctionsCombine-Community */ = {
			isa = XCSwiftPackageProductDependency;
			package = 79B8A8E22CB5B7CF0096A824 /* XCRemoteSwiftPackageReference "firebase-ios-sdk" */;
			productName = "FirebaseFunctionsCombine-Community";
		};
		79B8A9012CB5B7CF0096A824 /* FirebaseInAppMessaging-Beta */ = {
			isa = XCSwiftPackageProductDependency;
			package = 79B8A8E22CB5B7CF0096A824 /* XCRemoteSwiftPackageReference "firebase-ios-sdk" */;
			productName = "FirebaseInAppMessaging-Beta";
		};
		79B8A9032CB5B7CF0096A824 /* FirebaseInstallations */ = {
			isa = XCSwiftPackageProductDependency;
			package = 79B8A8E22CB5B7CF0096A824 /* XCRemoteSwiftPackageReference "firebase-ios-sdk" */;
			productName = FirebaseInstallations;
		};
		79B8A9052CB5B7CF0096A824 /* FirebaseMLModelDownloader */ = {
			isa = XCSwiftPackageProductDependency;
			package = 79B8A8E22CB5B7CF0096A824 /* XCRemoteSwiftPackageReference "firebase-ios-sdk" */;
			productName = FirebaseMLModelDownloader;
		};
		79B8A9072CB5B7CF0096A824 /* FirebaseMessaging */ = {
			isa = XCSwiftPackageProductDependency;
			package = 79B8A8E22CB5B7CF0096A824 /* XCRemoteSwiftPackageReference "firebase-ios-sdk" */;
			productName = FirebaseMessaging;
		};
		79B8A9092CB5B7CF0096A824 /* FirebasePerformance */ = {
			isa = XCSwiftPackageProductDependency;
			package = 79B8A8E22CB5B7CF0096A824 /* XCRemoteSwiftPackageReference "firebase-ios-sdk" */;
			productName = FirebasePerformance;
		};
		79B8A90B2CB5B7CF0096A824 /* FirebaseRemoteConfig */ = {
			isa = XCSwiftPackageProductDependency;
			package = 79B8A8E22CB5B7CF0096A824 /* XCRemoteSwiftPackageReference "firebase-ios-sdk" */;
			productName = FirebaseRemoteConfig;
		};
		79B8A90D2CB5B7CF0096A824 /* FirebaseStorage */ = {
			isa = XCSwiftPackageProductDependency;
			package = 79B8A8E22CB5B7CF0096A824 /* XCRemoteSwiftPackageReference "firebase-ios-sdk" */;
			productName = FirebaseStorage;
		};
		79B8A90F2CB5B7CF0096A824 /* FirebaseStorageCombine-Community */ = {
			isa = XCSwiftPackageProductDependency;
			package = 79B8A8E22CB5B7CF0096A824 /* XCRemoteSwiftPackageReference "firebase-ios-sdk" */;
			productName = "FirebaseStorageCombine-Community";
		};
		79B8A9112CB5B7CF0096A824 /* FirebaseVertexAI-Preview */ = {
			isa = XCSwiftPackageProductDependency;
			package = 79B8A8E22CB5B7CF0096A824 /* XCRemoteSwiftPackageReference "firebase-ios-sdk" */;
			productName = "FirebaseVertexAI-Preview";
		};
/* End XCSwiftPackageProductDependency section */
	};
	rootObject = 833C901D2C7E559F00A24C0A /* Project object */;
}
